// !$*UTF8*$!
{
	archiveVersion = 1;
	classes = {
	};
	objectVersion = 56;
	objects = {

/* Begin PBXBuildFile section */
		920FB3D8291C88B700147CA7 /* WebService.swift in Sources */ = {isa = PBXBuildFile; fileRef = 920FB3D7291C88B700147CA7 /* WebService.swift */; };
		920FB3DA291C891200147CA7 /* UserListViewModel.swift in Sources */ = {isa = PBXBuildFile; fileRef = 920FB3D9291C891200147CA7 /* UserListViewModel.swift */; };
		920FB3DC291C894300147CA7 /* UserDetailView.swift in Sources */ = {isa = PBXBuildFile; fileRef = 920FB3DB291C894300147CA7 /* UserDetailView.swift */; };
		920FB3DE291C895300147CA7 /* UserViewModel.swift in Sources */ = {isa = PBXBuildFile; fileRef = 920FB3DD291C895300147CA7 /* UserViewModel.swift */; };
		920FB3E0291DAAEC00147CA7 /* UserListItemView.swift in Sources */ = {isa = PBXBuildFile; fileRef = 920FB3DF291DAAEC00147CA7 /* UserListItemView.swift */; };
		920FB3E2291DADD700147CA7 /* User.swift in Sources */ = {isa = PBXBuildFile; fileRef = 920FB3E1291DADD700147CA7 /* User.swift */; };
		920FB3E5291DAE5500147CA7 /* Address.swift in Sources */ = {isa = PBXBuildFile; fileRef = 920FB3E4291DAE5500147CA7 /* Address.swift */; };
		920FB3E7291DAE9500147CA7 /* Geolocation.swift in Sources */ = {isa = PBXBuildFile; fileRef = 920FB3E6291DAE9500147CA7 /* Geolocation.swift */; };
		920FB3E9291DAF0B00147CA7 /* Company.swift in Sources */ = {isa = PBXBuildFile; fileRef = 920FB3E8291DAF0B00147CA7 /* Company.swift */; };
		920FB3EB291DAFB600147CA7 /* Post.swift in Sources */ = {isa = PBXBuildFile; fileRef = 920FB3EA291DAFB600147CA7 /* Post.swift */; };
		920FB3ED291DB01F00147CA7 /* Comment.swift in Sources */ = {isa = PBXBuildFile; fileRef = 920FB3EC291DB01F00147CA7 /* Comment.swift */; };
		920FB3F1291E1B2800147CA7 /* PostInfo.swift in Sources */ = {isa = PBXBuildFile; fileRef = 920FB3F0291E1B2800147CA7 /* PostInfo.swift */; };
		920FB3F5291E22E800147CA7 /* UserImageView.swift in Sources */ = {isa = PBXBuildFile; fileRef = 920FB3F4291E22E800147CA7 /* UserImageView.swift */; };
		92C6D82A291C7DB600955636 /* Vollou_ChallengeApp.swift in Sources */ = {isa = PBXBuildFile; fileRef = 92C6D829291C7DB600955636 /* Vollou_ChallengeApp.swift */; };
		92C6D82C291C7DB600955636 /* UserListView.swift in Sources */ = {isa = PBXBuildFile; fileRef = 92C6D82B291C7DB600955636 /* UserListView.swift */; };
		92C6D82E291C7DB700955636 /* Assets.xcassets in Resources */ = {isa = PBXBuildFile; fileRef = 92C6D82D291C7DB700955636 /* Assets.xcassets */; };
		92C6D831291C7DB700955636 /* Preview Assets.xcassets in Resources */ = {isa = PBXBuildFile; fileRef = 92C6D830291C7DB700955636 /* Preview Assets.xcassets */; };
/* End PBXBuildFile section */

/* Begin PBXFileReference section */
		920FB3D7291C88B700147CA7 /* WebService.swift */ = {isa = PBXFileReference; lastKnownFileType = sourcecode.swift; path = WebService.swift; sourceTree = "<group>"; };
		920FB3D9291C891200147CA7 /* UserListViewModel.swift */ = {isa = PBXFileReference; lastKnownFileType = sourcecode.swift; path = UserListViewModel.swift; sourceTree = "<group>"; };
		920FB3DB291C894300147CA7 /* UserDetailView.swift */ = {isa = PBXFileReference; lastKnownFileType = sourcecode.swift; path = UserDetailView.swift; sourceTree = "<group>"; };
		920FB3DD291C895300147CA7 /* UserViewModel.swift */ = {isa = PBXFileReference; lastKnownFileType = sourcecode.swift; path = UserViewModel.swift; sourceTree = "<group>"; };
		920FB3DF291DAAEC00147CA7 /* UserListItemView.swift */ = {isa = PBXFileReference; lastKnownFileType = sourcecode.swift; path = UserListItemView.swift; sourceTree = "<group>"; };
		920FB3E1291DADD700147CA7 /* User.swift */ = {isa = PBXFileReference; lastKnownFileType = sourcecode.swift; path = User.swift; sourceTree = "<group>"; };
		920FB3E4291DAE5500147CA7 /* Address.swift */ = {isa = PBXFileReference; lastKnownFileType = sourcecode.swift; path = Address.swift; sourceTree = "<group>"; };
		920FB3E6291DAE9500147CA7 /* Geolocation.swift */ = {isa = PBXFileReference; lastKnownFileType = sourcecode.swift; path = Geolocation.swift; sourceTree = "<group>"; };
		920FB3E8291DAF0B00147CA7 /* Company.swift */ = {isa = PBXFileReference; lastKnownFileType = sourcecode.swift; path = Company.swift; sourceTree = "<group>"; };
		920FB3EA291DAFB600147CA7 /* Post.swift */ = {isa = PBXFileReference; lastKnownFileType = sourcecode.swift; path = Post.swift; sourceTree = "<group>"; };
		920FB3EC291DB01F00147CA7 /* Comment.swift */ = {isa = PBXFileReference; lastKnownFileType = sourcecode.swift; path = Comment.swift; sourceTree = "<group>"; };
		920FB3F0291E1B2800147CA7 /* PostInfo.swift */ = {isa = PBXFileReference; lastKnownFileType = sourcecode.swift; path = PostInfo.swift; sourceTree = "<group>"; };
		920FB3F4291E22E800147CA7 /* UserImageView.swift */ = {isa = PBXFileReference; lastKnownFileType = sourcecode.swift; path = UserImageView.swift; sourceTree = "<group>"; };
		92C6D826291C7DB600955636 /* Vollou Challenge.app */ = {isa = PBXFileReference; explicitFileType = wrapper.application; includeInIndex = 0; path = "Vollou Challenge.app"; sourceTree = BUILT_PRODUCTS_DIR; };
		92C6D829291C7DB600955636 /* Vollou_ChallengeApp.swift */ = {isa = PBXFileReference; lastKnownFileType = sourcecode.swift; path = Vollou_ChallengeApp.swift; sourceTree = "<group>"; };
		92C6D82B291C7DB600955636 /* UserListView.swift */ = {isa = PBXFileReference; lastKnownFileType = sourcecode.swift; path = UserListView.swift; sourceTree = "<group>"; };
		92C6D82D291C7DB700955636 /* Assets.xcassets */ = {isa = PBXFileReference; lastKnownFileType = folder.assetcatalog; path = Assets.xcassets; sourceTree = "<group>"; };
		92C6D830291C7DB700955636 /* Preview Assets.xcassets */ = {isa = PBXFileReference; lastKnownFileType = folder.assetcatalog; path = "Preview Assets.xcassets"; sourceTree = "<group>"; };
/* End PBXFileReference section */

/* Begin PBXFrameworksBuildPhase section */
		92C6D823291C7DB600955636 /* Frameworks */ = {
			isa = PBXFrameworksBuildPhase;
			buildActionMask = 2147483647;
			files = (
			);
			runOnlyForDeploymentPostprocessing = 0;
		};
/* End PBXFrameworksBuildPhase section */

/* Begin PBXGroup section */
		920FB3E3291DADDD00147CA7 /* Models */ = {
			isa = PBXGroup;
			children = (
				920FB3E1291DADD700147CA7 /* User.swift */,
				920FB3E4291DAE5500147CA7 /* Address.swift */,
				920FB3E6291DAE9500147CA7 /* Geolocation.swift */,
				920FB3E8291DAF0B00147CA7 /* Company.swift */,
				920FB3EA291DAFB600147CA7 /* Post.swift */,
				920FB3EC291DB01F00147CA7 /* Comment.swift */,
				920FB3F0291E1B2800147CA7 /* PostInfo.swift */,
			);
			path = Models;
			sourceTree = "<group>";
		};
		920FB3F2291E20B800147CA7 /* UserList */ = {
			isa = PBXGroup;
			children = (
				92C6D82B291C7DB600955636 /* UserListView.swift */,
				920FB3DF291DAAEC00147CA7 /* UserListItemView.swift */,
				920FB3D9291C891200147CA7 /* UserListViewModel.swift */,
			);
			path = UserList;
			sourceTree = "<group>";
		};
		920FB3F3291E20BF00147CA7 /* UserDetails */ = {
			isa = PBXGroup;
			children = (
				920FB3DB291C894300147CA7 /* UserDetailView.swift */,
				920FB3DD291C895300147CA7 /* UserViewModel.swift */,
				920FB3F4291E22E800147CA7 /* UserImageView.swift */,
			);
			path = UserDetails;
			sourceTree = "<group>";
		};
		92C6D81D291C7DB600955636 = {
			isa = PBXGroup;
			children = (
				92C6D828291C7DB600955636 /* Vollou Challenge */,
				92C6D827291C7DB600955636 /* Products */,
			);
			sourceTree = "<group>";
		};
		92C6D827291C7DB600955636 /* Products */ = {
			isa = PBXGroup;
			children = (
				92C6D826291C7DB600955636 /* Vollou Challenge.app */,
			);
			name = Products;
			sourceTree = "<group>";
		};
		92C6D828291C7DB600955636 /* Vollou Challenge */ = {
			isa = PBXGroup;
			children = (
				92C6D829291C7DB600955636 /* Vollou_ChallengeApp.swift */,
				920FB3D7291C88B700147CA7 /* WebService.swift */,
				920FB3E3291DADDD00147CA7 /* Models */,
				920FB3F2291E20B800147CA7 /* UserList */,
				920FB3F3291E20BF00147CA7 /* UserDetails */,
				92C6D82D291C7DB700955636 /* Assets.xcassets */,
				92C6D82F291C7DB700955636 /* Preview Content */,
			);
			path = "Vollou Challenge";
			sourceTree = "<group>";
		};
		92C6D82F291C7DB700955636 /* Preview Content */ = {
			isa = PBXGroup;
			children = (
				92C6D830291C7DB700955636 /* Preview Assets.xcassets */,
			);
			path = "Preview Content";
			sourceTree = "<group>";
		};
/* End PBXGroup section */

/* Begin PBXNativeTarget section */
		92C6D825291C7DB600955636 /* Vollou Challenge */ = {
			isa = PBXNativeTarget;
			buildConfigurationList = 92C6D834291C7DB700955636 /* Build configuration list for PBXNativeTarget "Vollou Challenge" */;
			buildPhases = (
				92C6D822291C7DB600955636 /* Sources */,
				92C6D823291C7DB600955636 /* Frameworks */,
				92C6D824291C7DB600955636 /* Resources */,
			);
			buildRules = (
			);
			dependencies = (
			);
			name = "Vollou Challenge";
			productName = "Vollou Challenge";
			productReference = 92C6D826291C7DB600955636 /* Vollou Challenge.app */;
			productType = "com.apple.product-type.application";
		};
/* End PBXNativeTarget section */

/* Begin PBXProject section */
		92C6D81E291C7DB600955636 /* Project object */ = {
			isa = PBXProject;
			attributes = {
				BuildIndependentTargetsInParallel = 1;
				LastSwiftUpdateCheck = 1410;
				LastUpgradeCheck = 1410;
				TargetAttributes = {
					92C6D825291C7DB600955636 = {
						CreatedOnToolsVersion = 14.1;
					};
				};
			};
			buildConfigurationList = 92C6D821291C7DB600955636 /* Build configuration list for PBXProject "Vollou Challenge" */;
			compatibilityVersion = "Xcode 14.0";
			developmentRegion = en;
			hasScannedForEncodings = 0;
			knownRegions = (
				en,
				Base,
			);
			mainGroup = 92C6D81D291C7DB600955636;
			productRefGroup = 92C6D827291C7DB600955636 /* Products */;
			projectDirPath = "";
			projectRoot = "";
			targets = (
				92C6D825291C7DB600955636 /* Vollou Challenge */,
			);
		};
/* End PBXProject section */

/* Begin PBXResourcesBuildPhase section */
		92C6D824291C7DB600955636 /* Resources */ = {
			isa = PBXResourcesBuildPhase;
			buildActionMask = 2147483647;
			files = (
				92C6D831291C7DB700955636 /* Preview Assets.xcassets in Resources */,
				92C6D82E291C7DB700955636 /* Assets.xcassets in Resources */,
			);
			runOnlyForDeploymentPostprocessing = 0;
		};
/* End PBXResourcesBuildPhase section */

/* Begin PBXSourcesBuildPhase section */
		92C6D822291C7DB600955636 /* Sources */ = {
			isa = PBXSourcesBuildPhase;
			buildActionMask = 2147483647;
			files = (
				920FB3E5291DAE5500147CA7 /* Address.swift in Sources */,
				920FB3F1291E1B2800147CA7 /* PostInfo.swift in Sources */,
				920FB3DE291C895300147CA7 /* UserViewModel.swift in Sources */,
				920FB3E0291DAAEC00147CA7 /* UserListItemView.swift in Sources */,
				920FB3EB291DAFB600147CA7 /* Post.swift in Sources */,
				92C6D82C291C7DB600955636 /* UserListView.swift in Sources */,
				920FB3DA291C891200147CA7 /* UserListViewModel.swift in Sources */,
				920FB3E2291DADD700147CA7 /* User.swift in Sources */,
				920FB3E7291DAE9500147CA7 /* Geolocation.swift in Sources */,
				920FB3F5291E22E800147CA7 /* UserImageView.swift in Sources */,
				920FB3ED291DB01F00147CA7 /* Comment.swift in Sources */,
				920FB3E9291DAF0B00147CA7 /* Company.swift in Sources */,
				92C6D82A291C7DB600955636 /* Vollou_ChallengeApp.swift in Sources */,
				920FB3DC291C894300147CA7 /* UserDetailView.swift in Sources */,
				920FB3D8291C88B700147CA7 /* WebService.swift in Sources */,
			);
			runOnlyForDeploymentPostprocessing = 0;
		};
/* End PBXSourcesBuildPhase section */

/* Begin XCBuildConfiguration section */
		92C6D832291C7DB700955636 /* Debug */ = {
			isa = XCBuildConfiguration;
			buildSettings = {
				ALWAYS_SEARCH_USER_PATHS = NO;
				CLANG_ANALYZER_NONNULL = YES;
				CLANG_ANALYZER_NUMBER_OBJECT_CONVERSION = YES_AGGRESSIVE;
				CLANG_CXX_LANGUAGE_STANDARD = "gnu++20";
				CLANG_ENABLE_MODULES = YES;
				CLANG_ENABLE_OBJC_ARC = YES;
				CLANG_ENABLE_OBJC_WEAK = YES;
				CLANG_WARN_BLOCK_CAPTURE_AUTORELEASING = YES;
				CLANG_WARN_BOOL_CONVERSION = YES;
				CLANG_WARN_COMMA = YES;
				CLANG_WARN_CONSTANT_CONVERSION = YES;
				CLANG_WARN_DEPRECATED_OBJC_IMPLEMENTATIONS = YES;
				CLANG_WARN_DIRECT_OBJC_ISA_USAGE = YES_ERROR;
				CLANG_WARN_DOCUMENTATION_COMMENTS = YES;
				CLANG_WARN_EMPTY_BODY = YES;
				CLANG_WARN_ENUM_CONVERSION = YES;
				CLANG_WARN_INFINITE_RECURSION = YES;
				CLANG_WARN_INT_CONVERSION = YES;
				CLANG_WARN_NON_LITERAL_NULL_CONVERSION = YES;
				CLANG_WARN_OBJC_IMPLICIT_RETAIN_SELF = YES;
				CLANG_WARN_OBJC_LITERAL_CONVERSION = YES;
				CLANG_WARN_OBJC_ROOT_CLASS = YES_ERROR;
				CLANG_WARN_QUOTED_INCLUDE_IN_FRAMEWORK_HEADER = YES;
				CLANG_WARN_RANGE_LOOP_ANALYSIS = YES;
				CLANG_WARN_STRICT_PROTOTYPES = YES;
				CLANG_WARN_SUSPICIOUS_MOVE = YES;
				CLANG_WARN_UNGUARDED_AVAILABILITY = YES_AGGRESSIVE;
				CLANG_WARN_UNREACHABLE_CODE = YES;
				CLANG_WARN__DUPLICATE_METHOD_MATCH = YES;
				COPY_PHASE_STRIP = NO;
				DEBUG_INFORMATION_FORMAT = dwarf;
				ENABLE_STRICT_OBJC_MSGSEND = YES;
				ENABLE_TESTABILITY = YES;
				GCC_C_LANGUAGE_STANDARD = gnu11;
				GCC_DYNAMIC_NO_PIC = NO;
				GCC_NO_COMMON_BLOCKS = YES;
				GCC_OPTIMIZATION_LEVEL = 0;
				GCC_PREPROCESSOR_DEFINITIONS = (
					"DEBUG=1",
					"$(inherited)",
				);
				GCC_WARN_64_TO_32_BIT_CONVERSION = YES;
				GCC_WARN_ABOUT_RETURN_TYPE = YES_ERROR;
				GCC_WARN_UNDECLARED_SELECTOR = YES;
				GCC_WARN_UNINITIALIZED_AUTOS = YES_AGGRESSIVE;
				GCC_WARN_UNUSED_FUNCTION = YES;
				GCC_WARN_UNUSED_VARIABLE = YES;
				IPHONEOS_DEPLOYMENT_TARGET = 16.1;
				MTL_ENABLE_DEBUG_INFO = INCLUDE_SOURCE;
				MTL_FAST_MATH = YES;
				ONLY_ACTIVE_ARCH = YES;
				SDKROOT = iphoneos;
				SWIFT_ACTIVE_COMPILATION_CONDITIONS = DEBUG;
				SWIFT_OPTIMIZATION_LEVEL = "-Onone";
			};
			name = Debug;
		};
		92C6D833291C7DB700955636 /* Release */ = {
			isa = XCBuildConfiguration;
			buildSettings = {
				ALWAYS_SEARCH_USER_PATHS = NO;
				CLANG_ANALYZER_NONNULL = YES;
				CLANG_ANALYZER_NUMBER_OBJECT_CONVERSION = YES_AGGRESSIVE;
				CLANG_CXX_LANGUAGE_STANDARD = "gnu++20";
				CLANG_ENABLE_MODULES = YES;
				CLANG_ENABLE_OBJC_ARC = YES;
				CLANG_ENABLE_OBJC_WEAK = YES;
				CLANG_WARN_BLOCK_CAPTURE_AUTORELEASING = YES;
				CLANG_WARN_BOOL_CONVERSION = YES;
				CLANG_WARN_COMMA = YES;
				CLANG_WARN_CONSTANT_CONVERSION = YES;
				CLANG_WARN_DEPRECATED_OBJC_IMPLEMENTATIONS = YES;
				CLANG_WARN_DIRECT_OBJC_ISA_USAGE = YES_ERROR;
				CLANG_WARN_DOCUMENTATION_COMMENTS = YES;
				CLANG_WARN_EMPTY_BODY = YES;
				CLANG_WARN_ENUM_CONVERSION = YES;
				CLANG_WARN_INFINITE_RECURSION = YES;
				CLANG_WARN_INT_CONVERSION = YES;
				CLANG_WARN_NON_LITERAL_NULL_CONVERSION = YES;
				CLANG_WARN_OBJC_IMPLICIT_RETAIN_SELF = YES;
				CLANG_WARN_OBJC_LITERAL_CONVERSION = YES;
				CLANG_WARN_OBJC_ROOT_CLASS = YES_ERROR;
				CLANG_WARN_QUOTED_INCLUDE_IN_FRAMEWORK_HEADER = YES;
				CLANG_WARN_RANGE_LOOP_ANALYSIS = YES;
				CLANG_WARN_STRICT_PROTOTYPES = YES;
				CLANG_WARN_SUSPICIOUS_MOVE = YES;
				CLANG_WARN_UNGUARDED_AVAILABILITY = YES_AGGRESSIVE;
				CLANG_WARN_UNREACHABLE_CODE = YES;
				CLANG_WARN__DUPLICATE_METHOD_MATCH = YES;
				COPY_PHASE_STRIP = NO;
				DEBUG_INFORMATION_FORMAT = "dwarf-with-dsym";
				ENABLE_NS_ASSERTIONS = NO;
				ENABLE_STRICT_OBJC_MSGSEND = YES;
				GCC_C_LANGUAGE_STANDARD = gnu11;
				GCC_NO_COMMON_BLOCKS = YES;
				GCC_WARN_64_TO_32_BIT_CONVERSION = YES;
				GCC_WARN_ABOUT_RETURN_TYPE = YES_ERROR;
				GCC_WARN_UNDECLARED_SELECTOR = YES;
				GCC_WARN_UNINITIALIZED_AUTOS = YES_AGGRESSIVE;
				GCC_WARN_UNUSED_FUNCTION = YES;
				GCC_WARN_UNUSED_VARIABLE = YES;
				IPHONEOS_DEPLOYMENT_TARGET = 16.1;
				MTL_ENABLE_DEBUG_INFO = NO;
				MTL_FAST_MATH = YES;
				SDKROOT = iphoneos;
				SWIFT_COMPILATION_MODE = wholemodule;
				SWIFT_OPTIMIZATION_LEVEL = "-O";
				VALIDATE_PRODUCT = YES;
			};
			name = Release;
		};
		92C6D835291C7DB700955636 /* Debug */ = {
			isa = XCBuildConfiguration;
			buildSettings = {
				ASSETCATALOG_COMPILER_APPICON_NAME = AppIcon;
				ASSETCATALOG_COMPILER_GLOBAL_ACCENT_COLOR_NAME = AccentColor;
				CODE_SIGN_STYLE = Automatic;
				CURRENT_PROJECT_VERSION = 1;
				DEVELOPMENT_ASSET_PATHS = "\"Vollou Challenge/Preview Content\"";
				DEVELOPMENT_TEAM = W5VQ56Z87Q;
				ENABLE_PREVIEWS = YES;
				GENERATE_INFOPLIST_FILE = YES;
				INFOPLIST_KEY_UIApplicationSceneManifest_Generation = YES;
				INFOPLIST_KEY_UIApplicationSupportsIndirectInputEvents = YES;
				INFOPLIST_KEY_UILaunchScreen_Generation = YES;
				INFOPLIST_KEY_UISupportedInterfaceOrientations_iPad = "UIInterfaceOrientationPortrait UIInterfaceOrientationPortraitUpsideDown UIInterfaceOrientationLandscapeLeft UIInterfaceOrientationLandscapeRight";
				INFOPLIST_KEY_UISupportedInterfaceOrientations_iPhone = "UIInterfaceOrientationPortrait UIInterfaceOrientationLandscapeLeft UIInterfaceOrientationLandscapeRight";
				LD_RUNPATH_SEARCH_PATHS = (
					"$(inherited)",
					"@executable_path/Frameworks",
				);
				MARKETING_VERSION = 1.0;
				PRODUCT_BUNDLE_IDENTIFIER = "com.nimdog.Vollou-Challenge";
				PRODUCT_NAME = "$(TARGET_NAME)";
				SWIFT_EMIT_LOC_STRINGS = YES;
				SWIFT_VERSION = 5.0;
				TARGETED_DEVICE_FAMILY = "1,2";
			};
			name = Debug;
		};
		92C6D836291C7DB700955636 /* Release */ = {
			isa = XCBuildConfiguration;
			buildSettings = {
				ASSETCATALOG_COMPILER_APPICON_NAME = AppIcon;
				ASSETCATALOG_COMPILER_GLOBAL_ACCENT_COLOR_NAME = AccentColor;
				CODE_SIGN_STYLE = Automatic;
				CURRENT_PROJECT_VERSION = 1;
				DEVELOPMENT_ASSET_PATHS = "\"Vollou Challenge/Preview Content\"";
				DEVELOPMENT_TEAM = W5VQ56Z87Q;
				ENABLE_PREVIEWS = YES;
				GENERATE_INFOPLIST_FILE = YES;
				INFOPLIST_KEY_UIApplicationSceneManifest_Generation = YES;
				INFOPLIST_KEY_UIApplicationSupportsIndirectInputEvents = YES;
				INFOPLIST_KEY_UILaunchScreen_Generation = YES;
				INFOPLIST_KEY_UISupportedInterfaceOrientations_iPad = "UIInterfaceOrientationPortrait UIInterfaceOrientationPortraitUpsideDown UIInterfaceOrientationLandscapeLeft UIInterfaceOrientationLandscapeRight";
				INFOPLIST_KEY_UISupportedInterfaceOrientations_iPhone = "UIInterfaceOrientationPortrait UIInterfaceOrientationLandscapeLeft UIInterfaceOrientationLandscapeRight";
				LD_RUNPATH_SEARCH_PATHS = (
					"$(inherited)",
					"@executable_path/Frameworks",
				);
				MARKETING_VERSION = 1.0;
				PRODUCT_BUNDLE_IDENTIFIER = "com.nimdog.Vollou-Challenge";
				PRODUCT_NAME = "$(TARGET_NAME)";
				SWIFT_EMIT_LOC_STRINGS = YES;
				SWIFT_VERSION = 5.0;
				TARGETED_DEVICE_FAMILY = "1,2";
			};
			name = Release;
		};
/* End XCBuildConfiguration section */

/* Begin XCConfigurationList section */
		92C6D821291C7DB600955636 /* Build configuration list for PBXProject "Vollou Challenge" */ = {
			isa = XCConfigurationList;
			buildConfigurations = (
				92C6D832291C7DB700955636 /* Debug */,
				92C6D833291C7DB700955636 /* Release */,
			);
			defaultConfigurationIsVisible = 0;
			defaultConfigurationName = Release;
		};
		92C6D834291C7DB700955636 /* Build configuration list for PBXNativeTarget "Vollou Challenge" */ = {
			isa = XCConfigurationList;
			buildConfigurations = (
				92C6D835291C7DB700955636 /* Debug */,
				92C6D836291C7DB700955636 /* Release */,
			);
			defaultConfigurationIsVisible = 0;
			defaultConfigurationName = Release;
		};
/* End XCConfigurationList section */
	};
	rootObject = 92C6D81E291C7DB600955636 /* Project object */;
}
